
Microsoft Visual Studio Solution File, Format Version 12.00
# Visual Studio 14
VisualStudioVersion = 14.0.25420.1
MinimumVisualStudioVersion = 10.0.40219.1
Project("{8BC9CEB8-8B4A-11D0-8D11-00A0C91BC942}") = "RadarClient", "RadarClient\RadarClient.vcxproj", "{ABAC0EAF-7E53-4ABA-BFB1-0246986035C0}"
	ProjectSection(ProjectDependencies) = postProject
		{9B576C33-5AA0-46F7-B2A0-C19B5DC6311F} = {9B576C33-5AA0-46F7-B2A0-C19B5DC6311F}
	EndProjectSection
EndProject
Project("{8BC9CEB8-8B4A-11D0-8D11-00A0C91BC942}") = "GeoDataProvider", "GeoDataProvider\GeoDataProvider.vcxproj", "{9B576C33-5AA0-46F7-B2A0-C19B5DC6311F}"
EndProject
Project("{2150E333-8FDC-42A3-9474-1A3956D46DE8}") = "Solution Items", "Solution Items", "{87B84233-65A1-439E-AFAD-9D2BB1AE9807}"
	ProjectSection(SolutionItems) = preProject
		Data\files.txt = Data\files.txt
		Data\FINAM 5 1 2048.bat = Data\FINAM 5 1 2048.bat
		Data\FINAM 5 5 2048.bat = Data\FINAM 5 5 2048.bat
		Data\googlemap.dat = Data\googlemap.dat
		Data\googlemap.jpg = Data\googlemap.jpg
		Data\icon_tab_radar_big.png = Data\icon_tab_radar_big.png
		Data\n54_e037_1arc_v3.dt2 = Data\n54_e037_1arc_v3.dt2
		Data\PUSHINO 5 1 2048.bat = Data\PUSHINO 5 1 2048.bat
		Data\radar.ico = Data\radar.ico
		Data\radar.png = Data\radar.png
		Data\radaricon.png = Data\radaricon.png
		Data\video.png = Data\video.png
		Data\yandexmap.dat = Data\yandexmap.dat
		Data\yandexmap.jpg = Data\yandexmap.jpg
	EndProjectSection
EndProject
Project("{8BC9CEB8-8B4A-11D0-8D11-00A0C91BC942}") = "MockUpRadar", "MockUpRadar\MockUpRadar.vcxproj", "{2C460772-D2DA-4918-8C1D-63718DB72070}"
EndProject
Global
	GlobalSection(SolutionConfigurationPlatforms) = preSolution
		Debug|x64 = Debug|x64
		Debug|x86 = Debug|x86
		Release|x64 = Release|x64
		Release|x86 = Release|x86
	EndGlobalSection
	GlobalSection(ProjectConfigurationPlatforms) = postSolution
		{ABAC0EAF-7E53-4ABA-BFB1-0246986035C0}.Debug|x64.ActiveCfg = Debug|x64
		{ABAC0EAF-7E53-4ABA-BFB1-0246986035C0}.Debug|x64.Build.0 = Debug|x64
		{ABAC0EAF-7E53-4ABA-BFB1-0246986035C0}.Debug|x86.ActiveCfg = Debug|Win32
		{ABAC0EAF-7E53-4ABA-BFB1-0246986035C0}.Debug|x86.Build.0 = Debug|Win32
		{ABAC0EAF-7E53-4ABA-BFB1-0246986035C0}.Release|x64.ActiveCfg = Release|x64
		{ABAC0EAF-7E53-4ABA-BFB1-0246986035C0}.Release|x64.Build.0 = Release|x64
		{ABAC0EAF-7E53-4ABA-BFB1-0246986035C0}.Release|x86.ActiveCfg = Release|Win32
		{ABAC0EAF-7E53-4ABA-BFB1-0246986035C0}.Release|x86.Build.0 = Release|Win32
		{9B576C33-5AA0-46F7-B2A0-C19B5DC6311F}.Debug|x64.ActiveCfg = Debug|x64
		{9B576C33-5AA0-46F7-B2A0-C19B5DC6311F}.Debug|x64.Build.0 = Debug|x64
		{9B576C33-5AA0-46F7-B2A0-C19B5DC6311F}.Debug|x86.ActiveCfg = Debug|Win32
		{9B576C33-5AA0-46F7-B2A0-C19B5DC6311F}.Debug|x86.Build.0 = Debug|Win32
		{9B576C33-5AA0-46F7-B2A0-C19B5DC6311F}.Release|x64.ActiveCfg = Release|x64
		{9B576C33-5AA0-46F7-B2A0-C19B5DC6311F}.Release|x64.Build.0 = Release|x64
		{9B576C33-5AA0-46F7-B2A0-C19B5DC6311F}.Release|x86.ActiveCfg = Release|Win32
		{9B576C33-5AA0-46F7-B2A0-C19B5DC6311F}.Release|x86.Build.0 = Release|Win32
		{2C460772-D2DA-4918-8C1D-63718DB72070}.Debug|x64.ActiveCfg = Debug|x64
		{2C460772-D2DA-4918-8C1D-63718DB72070}.Debug|x64.Build.0 = Debug|x64
		{2C460772-D2DA-4918-8C1D-63718DB72070}.Debug|x86.ActiveCfg = Debug|Win32
		{2C460772-D2DA-4918-8C1D-63718DB72070}.Debug|x86.Build.0 = Debug|Win32
		{2C460772-D2DA-4918-8C1D-63718DB72070}.Release|x64.ActiveCfg = Release|x64
		{2C460772-D2DA-4918-8C1D-63718DB72070}.Release|x64.Build.0 = Release|x64
		{2C460772-D2DA-4918-8C1D-63718DB72070}.Release|x86.ActiveCfg = Release|Win32
		{2C460772-D2DA-4918-8C1D-63718DB72070}.Release|x86.Build.0 = Release|Win32
	EndGlobalSection
	GlobalSection(SolutionProperties) = preSolution
		HideSolutionNode = FALSE
	EndGlobalSection
EndGlobal
