<?xml version="1.0" encoding="utf-8"?>
<Project ToolsVersion="4.0" xmlns="http://schemas.microsoft.com/developer/msbuild/2003">
  <ItemGroup>
    <Filter Include="Source Files">
      <UniqueIdentifier>{4FC737F1-C7A5-4376-A066-2A32D752A2FF}</UniqueIdentifier>
      <Extensions>cpp;c;cc;cxx;def;odl;idl;hpj;bat;asm;asmx</Extensions>
    </Filter>
    <Filter Include="Header Files">
      <UniqueIdentifier>{93995380-89BD-4b04-88EB-625FBE52EBFB}</UniqueIdentifier>
      <Extensions>h;hh;hpp;hxx;hm;inl;inc;xsd</Extensions>
    </Filter>
    <Filter Include="Resource Files">
      <UniqueIdentifier>{67DA6AB6-F800-4c08-8B7A-83BB121AAD01}</UniqueIdentifier>
      <Extensions>rc;ico;cur;bmp;dlg;rc2;rct;bin;rgs;gif;jpg;jpeg;jpe;resx;tiff;tif;png;wav;mfcribbon-ms</Extensions>
    </Filter>
  </ItemGroup>
  <ItemGroup>
    <ClCompile Include="CMesh.cpp">
      <Filter>Source Files</Filter>
    </ClCompile>
    <ClCompile Include="Util.cpp">
      <Filter>Source Files</Filter>
    </ClCompile>
    <ClCompile Include="CScene.cpp">
      <Filter>Source Files</Filter>
    </ClCompile>
    <ClCompile Include="C3DObject.cpp">
      <Filter>Source Files</Filter>
    </ClCompile>
    <ClCompile Include="CCamera.cpp">
      <Filter>Source Files</Filter>
    </ClCompile>
    <ClCompile Include="RadarClient.cpp">
      <Filter>Source Files</Filter>
    </ClCompile>
    <ClCompile Include="CUserInterface.cpp">
      <Filter>Source Files</Filter>
    </ClCompile>
    <ClCompile Include="CRCSocket.cpp">
      <Filter>Source Files</Filter>
    </ClCompile>
    <ClCompile Include="CRCPoint.cpp">
      <Filter>Source Files</Filter>
    </ClCompile>
    <ClCompile Include="ShaderUtils.cpp">
      <Filter>Source Files</Filter>
    </ClCompile>
    <ClCompile Include="CMinimap.cpp">
      <Filter>Source Files</Filter>
    </ClCompile>
    <ClCompile Include="CMinimapPointer.cpp">
      <Filter>Source Files</Filter>
    </ClCompile>
    <ClCompile Include="CTrack.cpp">
      <Filter>Source Files</Filter>
    </ClCompile>
    <ClCompile Include="CViewPortControl.cpp">
      <Filter>Source Files</Filter>
    </ClCompile>
    <ClCompile Include="C3DObjectVBO.cpp">
      <Filter>Source Files</Filter>
    </ClCompile>
    <ClCompile Include="C3DObjectTexture.cpp">
      <Filter>Source Files</Filter>
    </ClCompile>
    <ClCompile Include="C3DObjectProgram.cpp">
      <Filter>Source Files</Filter>
    </ClCompile>
    <ClCompile Include="CSettings.cpp">
      <Filter>Source Files</Filter>
    </ClCompile>
    <ClCompile Include="CMarkup.cpp">
      <Filter>Source Files</Filter>
    </ClCompile>
    <ClCompile Include="CSector.cpp">
      <Filter>Source Files</Filter>
    </ClCompile>
    <ClCompile Include="CRImage.cpp">
      <Filter>Source Files</Filter>
    </ClCompile>
    <ClCompile Include="CRImageSet.cpp">
      <Filter>Source Files</Filter>
    </ClCompile>
  </ItemGroup>
  <ItemGroup>
    <ClInclude Include="CMesh.h">
      <Filter>Header Files</Filter>
    </ClInclude>
    <ClInclude Include="Util.h">
      <Filter>Header Files</Filter>
    </ClInclude>
    <ClInclude Include="CScene.h">
      <Filter>Header Files</Filter>
    </ClInclude>
    <ClInclude Include="C3DObject.h">
      <Filter>Header Files</Filter>
    </ClInclude>
    <ClInclude Include="CCamera.h">
      <Filter>Header Files</Filter>
    </ClInclude>
    <ClInclude Include="RadarClient.h">
      <Filter>Header Files</Filter>
    </ClInclude>
    <ClInclude Include="CUserInterface.h">
      <Filter>Header Files</Filter>
    </ClInclude>
    <ClInclude Include="CRCSocket.h">
      <Filter>Header Files</Filter>
    </ClInclude>
    <ClInclude Include="CRCPoint.h">
      <Filter>Header Files</Filter>
    </ClInclude>
    <ClInclude Include="ShaderUtils.h">
      <Filter>Header Files</Filter>
    </ClInclude>
    <ClInclude Include="CMinimap.h">
      <Filter>Header Files</Filter>
    </ClInclude>
    <ClInclude Include="CMinimapPointer.h">
      <Filter>Header Files</Filter>
    </ClInclude>
    <ClInclude Include="resource.h">
      <Filter>Header Files</Filter>
    </ClInclude>
    <ClInclude Include="ZeeGrid.h">
      <Filter>Header Files</Filter>
    </ClInclude>
    <ClInclude Include="CTrack.h">
      <Filter>Header Files</Filter>
    </ClInclude>
    <ClInclude Include="CViewPortControl.h">
      <Filter>Header Files</Filter>
    </ClInclude>
    <ClInclude Include="C3DObjectVBO.h">
      <Filter>Header Files</Filter>
    </ClInclude>
    <ClInclude Include="C3DObjectTexture.h">
      <Filter>Header Files</Filter>
    </ClInclude>
    <ClInclude Include="C3DObjectProgram.h">
      <Filter>Header Files</Filter>
    </ClInclude>
    <ClInclude Include="CSettings.h">
      <Filter>Header Files</Filter>
    </ClInclude>
    <ClInclude Include="CMarkup.h">
      <Filter>Header Files</Filter>
    </ClInclude>
    <ClInclude Include="CSector.h">
      <Filter>Header Files</Filter>
    </ClInclude>
    <ClInclude Include="CRImage.h">
      <Filter>Header Files</Filter>
    </ClInclude>
    <ClInclude Include="CRImageSet.h">
      <Filter>Header Files</Filter>
    </ClInclude>
  </ItemGroup>
  <ItemGroup>
    <None Include="ClassDiagram.cd" />
    <None Include="GLSL\Minimap.v.glsl" />
    <None Include="GLSL\Minimap.f.glsl" />
    <None Include="GLSL\CRCPoint.f.glsl" />
    <None Include="GLSL\CRCPoint.v.glsl" />
    <None Include="GLSL\MiniMapPointer.v.glsl" />
    <None Include="GLSL\MiniMapPointer.f.glsl" />
    <None Include="GLSL\CMesh.frag" />
    <None Include="GLSL\CMesh.vert" />
    <None Include="GLSL\CMarkup.f.glsl" />
    <None Include="GLSL\CMarkup.v.glsl" />
    <None Include="GLSL\CSector.f.glsl" />
    <None Include="GLSL\CSector.v.glsl" />
  </ItemGroup>
  <ItemGroup>
    <Image Include="..\Data\radar.png">
      <Filter>Resource Files</Filter>
    </Image>
  </ItemGroup>
  <ItemGroup>
    <Library Include="..\glew\lib\Release\Win32\glew32.lib" />
    <Library Include="..\glew\lib\Release\Win32\glew32s.lib" />
  </ItemGroup>
  <ItemGroup>
    <Text Include="..\Data\settings.txt">
      <Filter>Source Files</Filter>
    </Text>
  </ItemGroup>
</Project>